// !$*UTF8*$!
{
	archiveVersion = 1;
	classes = {
	};
	objectVersion = 55;
	objects = {

/* Begin PBXBuildFile section */
		2F5AA4030D42EB95A96300CD /* Pods_hashTagTest_hashTagTestUITests.framework in Frameworks */ = {isa = PBXBuildFile; fileRef = 9971D847F77BB97393DF3D92 /* Pods_hashTagTest_hashTagTestUITests.framework */; };
		4A2084C15EB4D6AB5B702320 /* Pods_hashTagTest.framework in Frameworks */ = {isa = PBXBuildFile; fileRef = CA8A9219AF8F19AA983EAF47 /* Pods_hashTagTest.framework */; };
		73AF7D822771D9E5002241B8 /* acTableViewCell.swift in Sources */ = {isa = PBXBuildFile; fileRef = 73AF7D802771D9E5002241B8 /* acTableViewCell.swift */; };
		73AF7D832771D9E5002241B8 /* acTableViewCell.xib in Resources */ = {isa = PBXBuildFile; fileRef = 73AF7D812771D9E5002241B8 /* acTableViewCell.xib */; };
		73CE580C276F2D820080C762 /* AppDelegate.swift in Sources */ = {isa = PBXBuildFile; fileRef = 73CE580B276F2D820080C762 /* AppDelegate.swift */; };
		73CE580E276F2D820080C762 /* SceneDelegate.swift in Sources */ = {isa = PBXBuildFile; fileRef = 73CE580D276F2D820080C762 /* SceneDelegate.swift */; };
		73CE5810276F2D820080C762 /* ViewController.swift in Sources */ = {isa = PBXBuildFile; fileRef = 73CE580F276F2D820080C762 /* ViewController.swift */; };
		73CE5813276F2D820080C762 /* Main.storyboard in Resources */ = {isa = PBXBuildFile; fileRef = 73CE5811276F2D820080C762 /* Main.storyboard */; };
		73CE5815276F2D830080C762 /* Assets.xcassets in Resources */ = {isa = PBXBuildFile; fileRef = 73CE5814276F2D830080C762 /* Assets.xcassets */; };
		73CE5818276F2D830080C762 /* LaunchScreen.storyboard in Resources */ = {isa = PBXBuildFile; fileRef = 73CE5816276F2D830080C762 /* LaunchScreen.storyboard */; };
		73CE5823276F2D830080C762 /* hashTagTestTests.swift in Sources */ = {isa = PBXBuildFile; fileRef = 73CE5822276F2D830080C762 /* hashTagTestTests.swift */; };
		73CE582D276F2D840080C762 /* hashTagTestUITests.swift in Sources */ = {isa = PBXBuildFile; fileRef = 73CE582C276F2D840080C762 /* hashTagTestUITests.swift */; };
		73CE582F276F2D840080C762 /* hashTagTestUITestsLaunchTests.swift in Sources */ = {isa = PBXBuildFile; fileRef = 73CE582E276F2D840080C762 /* hashTagTestUITestsLaunchTests.swift */; };
		73CE583C276F2E9F0080C762 /* GoogleService-Info.plist in Resources */ = {isa = PBXBuildFile; fileRef = 73CE583B276F2E9F0080C762 /* GoogleService-Info.plist */; };
		73CE583E276F30B90080C762 /* tableViewController.swift in Sources */ = {isa = PBXBuildFile; fileRef = 73CE583D276F30B90080C762 /* tableViewController.swift */; };
		73CE5840276F3B3B0080C762 /* hashTagViewController.swift in Sources */ = {isa = PBXBuildFile; fileRef = 73CE583F276F3B3B0080C762 /* hashTagViewController.swift */; };
		CA102EB7A6AE7E185509E21A /* Pods_hashTagTestTests.framework in Frameworks */ = {isa = PBXBuildFile; fileRef = 55ADB9D40699946A6C80D660 /* Pods_hashTagTestTests.framework */; };
/* End PBXBuildFile section */

/* Begin PBXContainerItemProxy section */
		73CE581F276F2D830080C762 /* PBXContainerItemProxy */ = {
			isa = PBXContainerItemProxy;
			containerPortal = 73CE5800276F2D820080C762 /* Project object */;
			proxyType = 1;
			remoteGlobalIDString = 73CE5807276F2D820080C762;
			remoteInfo = hashTagTest;
		};
		73CE5829276F2D840080C762 /* PBXContainerItemProxy */ = {
			isa = PBXContainerItemProxy;
			containerPortal = 73CE5800276F2D820080C762 /* Project object */;
			proxyType = 1;
			remoteGlobalIDString = 73CE5807276F2D820080C762;
			remoteInfo = hashTagTest;
		};
/* End PBXContainerItemProxy section */

/* Begin PBXFileReference section */
		13CB48C54F99370B527EB362 /* Pods-hashTagTest-hashTagTestUITests.release.xcconfig */ = {isa = PBXFileReference; includeInIndex = 1; lastKnownFileType = text.xcconfig; name = "Pods-hashTagTest-hashTagTestUITests.release.xcconfig"; path = "Target Support Files/Pods-hashTagTest-hashTagTestUITests/Pods-hashTagTest-hashTagTestUITests.release.xcconfig"; sourceTree = "<group>"; };
		1C1B104BF7D4AB095C02A00C /* Pods-hashTagTest-hashTagTestUITests.debug.xcconfig */ = {isa = PBXFileReference; includeInIndex = 1; lastKnownFileType = text.xcconfig; name = "Pods-hashTagTest-hashTagTestUITests.debug.xcconfig"; path = "Target Support Files/Pods-hashTagTest-hashTagTestUITests/Pods-hashTagTest-hashTagTestUITests.debug.xcconfig"; sourceTree = "<group>"; };
		38FFC85D4F709F1AB38D8BC0 /* Pods-hashTagTest.release.xcconfig */ = {isa = PBXFileReference; includeInIndex = 1; lastKnownFileType = text.xcconfig; name = "Pods-hashTagTest.release.xcconfig"; path = "Target Support Files/Pods-hashTagTest/Pods-hashTagTest.release.xcconfig"; sourceTree = "<group>"; };
		55ADB9D40699946A6C80D660 /* Pods_hashTagTestTests.framework */ = {isa = PBXFileReference; explicitFileType = wrapper.framework; includeInIndex = 0; path = Pods_hashTagTestTests.framework; sourceTree = BUILT_PRODUCTS_DIR; };
		579FA4C26E3F15EF29AB7FF1 /* Pods-hashTagTestTests.release.xcconfig */ = {isa = PBXFileReference; includeInIndex = 1; lastKnownFileType = text.xcconfig; name = "Pods-hashTagTestTests.release.xcconfig"; path = "Target Support Files/Pods-hashTagTestTests/Pods-hashTagTestTests.release.xcconfig"; sourceTree = "<group>"; };
		5F6BD58D1354F9E5F6829ABD /* Pods-hashTagTestTests.debug.xcconfig */ = {isa = PBXFileReference; includeInIndex = 1; lastKnownFileType = text.xcconfig; name = "Pods-hashTagTestTests.debug.xcconfig"; path = "Target Support Files/Pods-hashTagTestTests/Pods-hashTagTestTests.debug.xcconfig"; sourceTree = "<group>"; };
		73AF7D802771D9E5002241B8 /* acTableViewCell.swift */ = {isa = PBXFileReference; lastKnownFileType = sourcecode.swift; path = acTableViewCell.swift; sourceTree = "<group>"; };
		73AF7D812771D9E5002241B8 /* acTableViewCell.xib */ = {isa = PBXFileReference; lastKnownFileType = file.xib; path = acTableViewCell.xib; sourceTree = "<group>"; };
		73CE5808276F2D820080C762 /* hashTagTest.app */ = {isa = PBXFileReference; explicitFileType = wrapper.application; includeInIndex = 0; path = hashTagTest.app; sourceTree = BUILT_PRODUCTS_DIR; };
		73CE580B276F2D820080C762 /* AppDelegate.swift */ = {isa = PBXFileReference; lastKnownFileType = sourcecode.swift; path = AppDelegate.swift; sourceTree = "<group>"; };
		73CE580D276F2D820080C762 /* SceneDelegate.swift */ = {isa = PBXFileReference; lastKnownFileType = sourcecode.swift; path = SceneDelegate.swift; sourceTree = "<group>"; };
		73CE580F276F2D820080C762 /* ViewController.swift */ = {isa = PBXFileReference; lastKnownFileType = sourcecode.swift; path = ViewController.swift; sourceTree = "<group>"; };
		73CE5812276F2D820080C762 /* Base */ = {isa = PBXFileReference; lastKnownFileType = file.storyboard; name = Base; path = Base.lproj/Main.storyboard; sourceTree = "<group>"; };
		73CE5814276F2D830080C762 /* Assets.xcassets */ = {isa = PBXFileReference; lastKnownFileType = folder.assetcatalog; path = Assets.xcassets; sourceTree = "<group>"; };
		73CE5817276F2D830080C762 /* Base */ = {isa = PBXFileReference; lastKnownFileType = file.storyboard; name = Base; path = Base.lproj/LaunchScreen.storyboard; sourceTree = "<group>"; };
		73CE5819276F2D830080C762 /* Info.plist */ = {isa = PBXFileReference; lastKnownFileType = text.plist.xml; path = Info.plist; sourceTree = "<group>"; };
		73CE581E276F2D830080C762 /* hashTagTestTests.xctest */ = {isa = PBXFileReference; explicitFileType = wrapper.cfbundle; includeInIndex = 0; path = hashTagTestTests.xctest; sourceTree = BUILT_PRODUCTS_DIR; };
		73CE5822276F2D830080C762 /* hashTagTestTests.swift */ = {isa = PBXFileReference; lastKnownFileType = sourcecode.swift; path = hashTagTestTests.swift; sourceTree = "<group>"; };
		73CE5828276F2D840080C762 /* hashTagTestUITests.xctest */ = {isa = PBXFileReference; explicitFileType = wrapper.cfbundle; includeInIndex = 0; path = hashTagTestUITests.xctest; sourceTree = BUILT_PRODUCTS_DIR; };
		73CE582C276F2D840080C762 /* hashTagTestUITests.swift */ = {isa = PBXFileReference; lastKnownFileType = sourcecode.swift; path = hashTagTestUITests.swift; sourceTree = "<group>"; };
		73CE582E276F2D840080C762 /* hashTagTestUITestsLaunchTests.swift */ = {isa = PBXFileReference; lastKnownFileType = sourcecode.swift; path = hashTagTestUITestsLaunchTests.swift; sourceTree = "<group>"; };
		73CE583B276F2E9F0080C762 /* GoogleService-Info.plist */ = {isa = PBXFileReference; fileEncoding = 4; lastKnownFileType = text.plist.xml; path = "GoogleService-Info.plist"; sourceTree = "<group>"; };
		73CE583D276F30B90080C762 /* tableViewController.swift */ = {isa = PBXFileReference; lastKnownFileType = sourcecode.swift; path = tableViewController.swift; sourceTree = "<group>"; };
		73CE583F276F3B3B0080C762 /* hashTagViewController.swift */ = {isa = PBXFileReference; lastKnownFileType = sourcecode.swift; path = hashTagViewController.swift; sourceTree = "<group>"; };
		9971D847F77BB97393DF3D92 /* Pods_hashTagTest_hashTagTestUITests.framework */ = {isa = PBXFileReference; explicitFileType = wrapper.framework; includeInIndex = 0; path = Pods_hashTagTest_hashTagTestUITests.framework; sourceTree = BUILT_PRODUCTS_DIR; };
		CA8A9219AF8F19AA983EAF47 /* Pods_hashTagTest.framework */ = {isa = PBXFileReference; explicitFileType = wrapper.framework; includeInIndex = 0; path = Pods_hashTagTest.framework; sourceTree = BUILT_PRODUCTS_DIR; };
		FF6114A7E17ECDBCB63E3497 /* Pods-hashTagTest.debug.xcconfig */ = {isa = PBXFileReference; includeInIndex = 1; lastKnownFileType = text.xcconfig; name = "Pods-hashTagTest.debug.xcconfig"; path = "Target Support Files/Pods-hashTagTest/Pods-hashTagTest.debug.xcconfig"; sourceTree = "<group>"; };
/* End PBXFileReference section */

/* Begin PBXFrameworksBuildPhase section */
		73CE5805276F2D820080C762 /* Frameworks */ = {
			isa = PBXFrameworksBuildPhase;
			buildActionMask = 2147483647;
			files = (
				4A2084C15EB4D6AB5B702320 /* Pods_hashTagTest.framework in Frameworks */,
			);
			runOnlyForDeploymentPostprocessing = 0;
		};
		73CE581B276F2D830080C762 /* Frameworks */ = {
			isa = PBXFrameworksBuildPhase;
			buildActionMask = 2147483647;
			files = (
				CA102EB7A6AE7E185509E21A /* Pods_hashTagTestTests.framework in Frameworks */,
			);
			runOnlyForDeploymentPostprocessing = 0;
		};
		73CE5825276F2D840080C762 /* Frameworks */ = {
			isa = PBXFrameworksBuildPhase;
			buildActionMask = 2147483647;
			files = (
				2F5AA4030D42EB95A96300CD /* Pods_hashTagTest_hashTagTestUITests.framework in Frameworks */,
			);
			runOnlyForDeploymentPostprocessing = 0;
		};
/* End PBXFrameworksBuildPhase section */

/* Begin PBXGroup section */
		0F8B6D53F016EC7B4FF2D32B /* Pods */ = {
			isa = PBXGroup;
			children = (
				FF6114A7E17ECDBCB63E3497 /* Pods-hashTagTest.debug.xcconfig */,
				38FFC85D4F709F1AB38D8BC0 /* Pods-hashTagTest.release.xcconfig */,
				1C1B104BF7D4AB095C02A00C /* Pods-hashTagTest-hashTagTestUITests.debug.xcconfig */,
				13CB48C54F99370B527EB362 /* Pods-hashTagTest-hashTagTestUITests.release.xcconfig */,
				5F6BD58D1354F9E5F6829ABD /* Pods-hashTagTestTests.debug.xcconfig */,
				579FA4C26E3F15EF29AB7FF1 /* Pods-hashTagTestTests.release.xcconfig */,
			);
			path = Pods;
			sourceTree = "<group>";
		};
		63FEC34586B77F449783F079 /* Frameworks */ = {
			isa = PBXGroup;
			children = (
				CA8A9219AF8F19AA983EAF47 /* Pods_hashTagTest.framework */,
				9971D847F77BB97393DF3D92 /* Pods_hashTagTest_hashTagTestUITests.framework */,
				55ADB9D40699946A6C80D660 /* Pods_hashTagTestTests.framework */,
			);
			name = Frameworks;
			sourceTree = "<group>";
		};
		73CE57FF276F2D820080C762 = {
			isa = PBXGroup;
			children = (
				73CE580A276F2D820080C762 /* hashTagTest */,
				73CE5821276F2D830080C762 /* hashTagTestTests */,
				73CE582B276F2D840080C762 /* hashTagTestUITests */,
				73CE5809276F2D820080C762 /* Products */,
				0F8B6D53F016EC7B4FF2D32B /* Pods */,
				63FEC34586B77F449783F079 /* Frameworks */,
			);
			sourceTree = "<group>";
		};
		73CE5809276F2D820080C762 /* Products */ = {
			isa = PBXGroup;
			children = (
				73CE5808276F2D820080C762 /* hashTagTest.app */,
				73CE581E276F2D830080C762 /* hashTagTestTests.xctest */,
				73CE5828276F2D840080C762 /* hashTagTestUITests.xctest */,
			);
			name = Products;
			sourceTree = "<group>";
		};
		73CE580A276F2D820080C762 /* hashTagTest */ = {
			isa = PBXGroup;
			children = (
				73CE580B276F2D820080C762 /* AppDelegate.swift */,
				73CE580D276F2D820080C762 /* SceneDelegate.swift */,
				73CE580F276F2D820080C762 /* ViewController.swift */,
				73CE5811276F2D820080C762 /* Main.storyboard */,
				73CE5814276F2D830080C762 /* Assets.xcassets */,
				73CE583B276F2E9F0080C762 /* GoogleService-Info.plist */,
				73CE5816276F2D830080C762 /* LaunchScreen.storyboard */,
				73CE5819276F2D830080C762 /* Info.plist */,
				73CE583D276F30B90080C762 /* tableViewController.swift */,
				73CE583F276F3B3B0080C762 /* hashTagViewController.swift */,
				73AF7D802771D9E5002241B8 /* acTableViewCell.swift */,
				73AF7D812771D9E5002241B8 /* acTableViewCell.xib */,
			);
			path = hashTagTest;
			sourceTree = "<group>";
		};
		73CE5821276F2D830080C762 /* hashTagTestTests */ = {
			isa = PBXGroup;
			children = (
				73CE5822276F2D830080C762 /* hashTagTestTests.swift */,
			);
			path = hashTagTestTests;
			sourceTree = "<group>";
		};
		73CE582B276F2D840080C762 /* hashTagTestUITests */ = {
			isa = PBXGroup;
			children = (
				73CE582C276F2D840080C762 /* hashTagTestUITests.swift */,
				73CE582E276F2D840080C762 /* hashTagTestUITestsLaunchTests.swift */,
			);
			path = hashTagTestUITests;
			sourceTree = "<group>";
		};
/* End PBXGroup section */

/* Begin PBXNativeTarget section */
		73CE5807276F2D820080C762 /* hashTagTest */ = {
			isa = PBXNativeTarget;
			buildConfigurationList = 73CE5832276F2D840080C762 /* Build configuration list for PBXNativeTarget "hashTagTest" */;
			buildPhases = (
				55286819277A5603E24653F1 /* [CP] Check Pods Manifest.lock */,
				73CE5804276F2D820080C762 /* Sources */,
				73CE5805276F2D820080C762 /* Frameworks */,
				73CE5806276F2D820080C762 /* Resources */,
				326ACFCE47DE18CC9F0998E7 /* [CP] Embed Pods Frameworks */,
			);
			buildRules = (
			);
			dependencies = (
			);
			name = hashTagTest;
			productName = hashTagTest;
			productReference = 73CE5808276F2D820080C762 /* hashTagTest.app */;
			productType = "com.apple.product-type.application";
		};
		73CE581D276F2D830080C762 /* hashTagTestTests */ = {
			isa = PBXNativeTarget;
			buildConfigurationList = 73CE5835276F2D840080C762 /* Build configuration list for PBXNativeTarget "hashTagTestTests" */;
			buildPhases = (
				CD7989CB7EE9DCB521DF37C3 /* [CP] Check Pods Manifest.lock */,
				73CE581A276F2D830080C762 /* Sources */,
				73CE581B276F2D830080C762 /* Frameworks */,
				73CE581C276F2D830080C762 /* Resources */,
			);
			buildRules = (
			);
			dependencies = (
				73CE5820276F2D830080C762 /* PBXTargetDependency */,
			);
			name = hashTagTestTests;
			productName = hashTagTestTests;
			productReference = 73CE581E276F2D830080C762 /* hashTagTestTests.xctest */;
			productType = "com.apple.product-type.bundle.unit-test";
		};
		73CE5827276F2D840080C762 /* hashTagTestUITests */ = {
			isa = PBXNativeTarget;
			buildConfigurationList = 73CE5838276F2D840080C762 /* Build configuration list for PBXNativeTarget "hashTagTestUITests" */;
			buildPhases = (
				03F16A8A33A80DB9164DBC96 /* [CP] Check Pods Manifest.lock */,
				73CE5824276F2D840080C762 /* Sources */,
				73CE5825276F2D840080C762 /* Frameworks */,
				73CE5826276F2D840080C762 /* Resources */,
				B6740BC8F722CB06227A88D6 /* [CP] Embed Pods Frameworks */,
			);
			buildRules = (
			);
			dependencies = (
				73CE582A276F2D840080C762 /* PBXTargetDependency */,
			);
			name = hashTagTestUITests;
			productName = hashTagTestUITests;
			productReference = 73CE5828276F2D840080C762 /* hashTagTestUITests.xctest */;
			productType = "com.apple.product-type.bundle.ui-testing";
		};
/* End PBXNativeTarget section */

/* Begin PBXProject section */
		73CE5800276F2D820080C762 /* Project object */ = {
			isa = PBXProject;
			attributes = {
				BuildIndependentTargetsInParallel = 1;
				LastSwiftUpdateCheck = 1310;
				LastUpgradeCheck = 1310;
				TargetAttributes = {
					73CE5807276F2D820080C762 = {
						CreatedOnToolsVersion = 13.1;
					};
					73CE581D276F2D830080C762 = {
						CreatedOnToolsVersion = 13.1;
						TestTargetID = 73CE5807276F2D820080C762;
					};
					73CE5827276F2D840080C762 = {
						CreatedOnToolsVersion = 13.1;
						TestTargetID = 73CE5807276F2D820080C762;
					};
				};
			};
			buildConfigurationList = 73CE5803276F2D820080C762 /* Build configuration list for PBXProject "hashTagTest" */;
			compatibilityVersion = "Xcode 13.0";
			developmentRegion = en;
			hasScannedForEncodings = 0;
			knownRegions = (
				en,
				Base,
			);
			mainGroup = 73CE57FF276F2D820080C762;
			productRefGroup = 73CE5809276F2D820080C762 /* Products */;
			projectDirPath = "";
			projectRoot = "";
			targets = (
				73CE5807276F2D820080C762 /* hashTagTest */,
				73CE581D276F2D830080C762 /* hashTagTestTests */,
				73CE5827276F2D840080C762 /* hashTagTestUITests */,
			);
		};
/* End PBXProject section */

/* Begin PBXResourcesBuildPhase section */
		73CE5806276F2D820080C762 /* Resources */ = {
			isa = PBXResourcesBuildPhase;
			buildActionMask = 2147483647;
			files = (
				73CE5818276F2D830080C762 /* LaunchScreen.storyboard in Resources */,
				73CE5815276F2D830080C762 /* Assets.xcassets in Resources */,
				73CE5813276F2D820080C762 /* Main.storyboard in Resources */,
				73CE583C276F2E9F0080C762 /* GoogleService-Info.plist in Resources */,
				73AF7D832771D9E5002241B8 /* acTableViewCell.xib in Resources */,
			);
			runOnlyForDeploymentPostprocessing = 0;
		};
		73CE581C276F2D830080C762 /* Resources */ = {
			isa = PBXResourcesBuildPhase;
			buildActionMask = 2147483647;
			files = (
			);
			runOnlyForDeploymentPostprocessing = 0;
		};
		73CE5826276F2D840080C762 /* Resources */ = {
			isa = PBXResourcesBuildPhase;
			buildActionMask = 2147483647;
			files = (
			);
			runOnlyForDeploymentPostprocessing = 0;
		};
/* End PBXResourcesBuildPhase section */

/* Begin PBXShellScriptBuildPhase section */
		03F16A8A33A80DB9164DBC96 /* [CP] Check Pods Manifest.lock */ = {
			isa = PBXShellScriptBuildPhase;
			buildActionMask = 2147483647;
			files = (
			);
			inputFileListPaths = (
			);
			inputPaths = (
				"${PODS_PODFILE_DIR_PATH}/Podfile.lock",
				"${PODS_ROOT}/Manifest.lock",
			);
			name = "[CP] Check Pods Manifest.lock";
			outputFileListPaths = (
			);
			outputPaths = (
				"$(DERIVED_FILE_DIR)/Pods-hashTagTest-hashTagTestUITests-checkManifestLockResult.txt",
			);
			runOnlyForDeploymentPostprocessing = 0;
			shellPath = /bin/sh;
			shellScript = "diff \"${PODS_PODFILE_DIR_PATH}/Podfile.lock\" \"${PODS_ROOT}/Manifest.lock\" > /dev/null\nif [ $? != 0 ] ; then\n    # print error to STDERR\n    echo \"error: The sandbox is not in sync with the Podfile.lock. Run 'pod install' or update your CocoaPods installation.\" >&2\n    exit 1\nfi\n# This output is used by Xcode 'outputs' to avoid re-running this script phase.\necho \"SUCCESS\" > \"${SCRIPT_OUTPUT_FILE_0}\"\n";
			showEnvVarsInLog = 0;
		};
		326ACFCE47DE18CC9F0998E7 /* [CP] Embed Pods Frameworks */ = {
			isa = PBXShellScriptBuildPhase;
			buildActionMask = 2147483647;
			files = (
			);
			inputFileListPaths = (
				"${PODS_ROOT}/Target Support Files/Pods-hashTagTest/Pods-hashTagTest-frameworks-${CONFIGURATION}-input-files.xcfilelist",
			);
			name = "[CP] Embed Pods Frameworks";
			outputFileListPaths = (
				"${PODS_ROOT}/Target Support Files/Pods-hashTagTest/Pods-hashTagTest-frameworks-${CONFIGURATION}-output-files.xcfilelist",
			);
			runOnlyForDeploymentPostprocessing = 0;
			shellPath = /bin/sh;
			shellScript = "\"${PODS_ROOT}/Target Support Files/Pods-hashTagTest/Pods-hashTagTest-frameworks.sh\"\n";
			showEnvVarsInLog = 0;
		};
		55286819277A5603E24653F1 /* [CP] Check Pods Manifest.lock */ = {
			isa = PBXShellScriptBuildPhase;
			buildActionMask = 2147483647;
			files = (
			);
			inputFileListPaths = (
			);
			inputPaths = (
				"${PODS_PODFILE_DIR_PATH}/Podfile.lock",
				"${PODS_ROOT}/Manifest.lock",
			);
			name = "[CP] Check Pods Manifest.lock";
			outputFileListPaths = (
			);
			outputPaths = (
				"$(DERIVED_FILE_DIR)/Pods-hashTagTest-checkManifestLockResult.txt",
			);
			runOnlyForDeploymentPostprocessing = 0;
			shellPath = /bin/sh;
			shellScript = "diff \"${PODS_PODFILE_DIR_PATH}/Podfile.lock\" \"${PODS_ROOT}/Manifest.lock\" > /dev/null\nif [ $? != 0 ] ; then\n    # print error to STDERR\n    echo \"error: The sandbox is not in sync with the Podfile.lock. Run 'pod install' or update your CocoaPods installation.\" >&2\n    exit 1\nfi\n# This output is used by Xcode 'outputs' to avoid re-running this script phase.\necho \"SUCCESS\" > \"${SCRIPT_OUTPUT_FILE_0}\"\n";
			showEnvVarsInLog = 0;
		};
		B6740BC8F722CB06227A88D6 /* [CP] Embed Pods Frameworks */ = {
			isa = PBXShellScriptBuildPhase;
			buildActionMask = 2147483647;
			files = (
			);
			inputFileListPaths = (
				"${PODS_ROOT}/Target Support Files/Pods-hashTagTest-hashTagTestUITests/Pods-hashTagTest-hashTagTestUITests-frameworks-${CONFIGURATION}-input-files.xcfilelist",
			);
			name = "[CP] Embed Pods Frameworks";
			outputFileListPaths = (
				"${PODS_ROOT}/Target Support Files/Pods-hashTagTest-hashTagTestUITests/Pods-hashTagTest-hashTagTestUITests-frameworks-${CONFIGURATION}-output-files.xcfilelist",
			);
			runOnlyForDeploymentPostprocessing = 0;
			shellPath = /bin/sh;
			shellScript = "\"${PODS_ROOT}/Target Support Files/Pods-hashTagTest-hashTagTestUITests/Pods-hashTagTest-hashTagTestUITests-frameworks.sh\"\n";
			showEnvVarsInLog = 0;
		};
		CD7989CB7EE9DCB521DF37C3 /* [CP] Check Pods Manifest.lock */ = {
			isa = PBXShellScriptBuildPhase;
			buildActionMask = 2147483647;
			files = (
			);
			inputFileListPaths = (
			);
			inputPaths = (
				"${PODS_PODFILE_DIR_PATH}/Podfile.lock",
				"${PODS_ROOT}/Manifest.lock",
			);
			name = "[CP] Check Pods Manifest.lock";
			outputFileListPaths = (
			);
			outputPaths = (
				"$(DERIVED_FILE_DIR)/Pods-hashTagTestTests-checkManifestLockResult.txt",
			);
			runOnlyForDeploymentPostprocessing = 0;
			shellPath = /bin/sh;
			shellScript = "diff \"${PODS_PODFILE_DIR_PATH}/Podfile.lock\" \"${PODS_ROOT}/Manifest.lock\" > /dev/null\nif [ $? != 0 ] ; then\n    # print error to STDERR\n    echo \"error: The sandbox is not in sync with the Podfile.lock. Run 'pod install' or update your CocoaPods installation.\" >&2\n    exit 1\nfi\n# This output is used by Xcode 'outputs' to avoid re-running this script phase.\necho \"SUCCESS\" > \"${SCRIPT_OUTPUT_FILE_0}\"\n";
			showEnvVarsInLog = 0;
		};
/* End PBXShellScriptBuildPhase section */

/* Begin PBXSourcesBuildPhase section */
		73CE5804276F2D820080C762 /* Sources */ = {
			isa = PBXSourcesBuildPhase;
			buildActionMask = 2147483647;
			files = (
				73CE5810276F2D820080C762 /* ViewController.swift in Sources */,
				73AF7D822771D9E5002241B8 /* acTableViewCell.swift in Sources */,
				73CE5840276F3B3B0080C762 /* hashTagViewController.swift in Sources */,
				73CE580C276F2D820080C762 /* AppDelegate.swift in Sources */,
				73CE580E276F2D820080C762 /* SceneDelegate.swift in Sources */,
				73CE583E276F30B90080C762 /* tableViewController.swift in Sources */,
			);
			runOnlyForDeploymentPostprocessing = 0;
		};
		73CE581A276F2D830080C762 /* Sources */ = {
			isa = PBXSourcesBuildPhase;
			buildActionMask = 2147483647;
			files = (
				73CE5823276F2D830080C762 /* hashTagTestTests.swift in Sources */,
			);
			runOnlyForDeploymentPostprocessing = 0;
		};
		73CE5824276F2D840080C762 /* Sources */ = {
			isa = PBXSourcesBuildPhase;
			buildActionMask = 2147483647;
			files = (
				73CE582D276F2D840080C762 /* hashTagTestUITests.swift in Sources */,
				73CE582F276F2D840080C762 /* hashTagTestUITestsLaunchTests.swift in Sources */,
			);
			runOnlyForDeploymentPostprocessing = 0;
		};
/* End PBXSourcesBuildPhase section */

/* Begin PBXTargetDependency section */
		73CE5820276F2D830080C762 /* PBXTargetDependency */ = {
			isa = PBXTargetDependency;
			target = 73CE5807276F2D820080C762 /* hashTagTest */;
			targetProxy = 73CE581F276F2D830080C762 /* PBXContainerItemProxy */;
		};
		73CE582A276F2D840080C762 /* PBXTargetDependency */ = {
			isa = PBXTargetDependency;
			target = 73CE5807276F2D820080C762 /* hashTagTest */;
			targetProxy = 73CE5829276F2D840080C762 /* PBXContainerItemProxy */;
		};
/* End PBXTargetDependency section */

/* Begin PBXVariantGroup section */
		73CE5811276F2D820080C762 /* Main.storyboard */ = {
			isa = PBXVariantGroup;
			children = (
				73CE5812276F2D820080C762 /* Base */,
			);
			name = Main.storyboard;
			sourceTree = "<group>";
		};
		73CE5816276F2D830080C762 /* LaunchScreen.storyboard */ = {
			isa = PBXVariantGroup;
			children = (
				73CE5817276F2D830080C762 /* Base */,
			);
			name = LaunchScreen.storyboard;
			sourceTree = "<group>";
		};
/* End PBXVariantGroup section */

/* Begin XCBuildConfiguration section */
		73CE5830276F2D840080C762 /* Debug */ = {
			isa = XCBuildConfiguration;
			buildSettings = {
				ALWAYS_SEARCH_USER_PATHS = NO;
				CLANG_ANALYZER_NONNULL = YES;
				CLANG_ANALYZER_NUMBER_OBJECT_CONVERSION = YES_AGGRESSIVE;
				CLANG_CXX_LANGUAGE_STANDARD = "gnu++17";
				CLANG_CXX_LIBRARY = "libc++";
				CLANG_ENABLE_MODULES = YES;
				CLANG_ENABLE_OBJC_ARC = YES;
				CLANG_ENABLE_OBJC_WEAK = YES;
				CLANG_WARN_BLOCK_CAPTURE_AUTORELEASING = YES;
				CLANG_WARN_BOOL_CONVERSION = YES;
				CLANG_WARN_COMMA = YES;
				CLANG_WARN_CONSTANT_CONVERSION = YES;
				CLANG_WARN_DEPRECATED_OBJC_IMPLEMENTATIONS = YES;
				CLANG_WARN_DIRECT_OBJC_ISA_USAGE = YES_ERROR;
				CLANG_WARN_DOCUMENTATION_COMMENTS = YES;
				CLANG_WARN_EMPTY_BODY = YES;
				CLANG_WARN_ENUM_CONVERSION = YES;
				CLANG_WARN_INFINITE_RECURSION = YES;
				CLANG_WARN_INT_CONVERSION = YES;
				CLANG_WARN_NON_LITERAL_NULL_CONVERSION = YES;
				CLANG_WARN_OBJC_IMPLICIT_RETAIN_SELF = YES;
				CLANG_WARN_OBJC_LITERAL_CONVERSION = YES;
				CLANG_WARN_OBJC_ROOT_CLASS = YES_ERROR;
				CLANG_WARN_QUOTED_INCLUDE_IN_FRAMEWORK_HEADER = YES;
				CLANG_WARN_RANGE_LOOP_ANALYSIS = YES;
				CLANG_WARN_STRICT_PROTOTYPES = YES;
				CLANG_WARN_SUSPICIOUS_MOVE = YES;
				CLANG_WARN_UNGUARDED_AVAILABILITY = YES_AGGRESSIVE;
				CLANG_WARN_UNREACHABLE_CODE = YES;
				CLANG_WARN__DUPLICATE_METHOD_MATCH = YES;
				COPY_PHASE_STRIP = NO;
				DEBUG_INFORMATION_FORMAT = dwarf;
				ENABLE_STRICT_OBJC_MSGSEND = YES;
				ENABLE_TESTABILITY = YES;
				GCC_C_LANGUAGE_STANDARD = gnu11;
				GCC_DYNAMIC_NO_PIC = NO;
				GCC_NO_COMMON_BLOCKS = YES;
				GCC_OPTIMIZATION_LEVEL = 0;
				GCC_PREPROCESSOR_DEFINITIONS = (
					"DEBUG=1",
					"$(inherited)",
				);
				GCC_WARN_64_TO_32_BIT_CONVERSION = YES;
				GCC_WARN_ABOUT_RETURN_TYPE = YES_ERROR;
				GCC_WARN_UNDECLARED_SELECTOR = YES;
				GCC_WARN_UNINITIALIZED_AUTOS = YES_AGGRESSIVE;
				GCC_WARN_UNUSED_FUNCTION = YES;
				GCC_WARN_UNUSED_VARIABLE = YES;
				IPHONEOS_DEPLOYMENT_TARGET = 15.0;
				MTL_ENABLE_DEBUG_INFO = INCLUDE_SOURCE;
				MTL_FAST_MATH = YES;
				ONLY_ACTIVE_ARCH = YES;
				SDKROOT = iphoneos;
				SWIFT_ACTIVE_COMPILATION_CONDITIONS = DEBUG;
				SWIFT_OPTIMIZATION_LEVEL = "-Onone";
			};
			name = Debug;
		};
		73CE5831276F2D840080C762 /* Release */ = {
			isa = XCBuildConfiguration;
			buildSettings = {
				ALWAYS_SEARCH_USER_PATHS = NO;
				CLANG_ANALYZER_NONNULL = YES;
				CLANG_ANALYZER_NUMBER_OBJECT_CONVERSION = YES_AGGRESSIVE;
				CLANG_CXX_LANGUAGE_STANDARD = "gnu++17";
				CLANG_CXX_LIBRARY = "libc++";
				CLANG_ENABLE_MODULES = YES;
				CLANG_ENABLE_OBJC_ARC = YES;
				CLANG_ENABLE_OBJC_WEAK = YES;
				CLANG_WARN_BLOCK_CAPTURE_AUTORELEASING = YES;
				CLANG_WARN_BOOL_CONVERSION = YES;
				CLANG_WARN_COMMA = YES;
				CLANG_WARN_CONSTANT_CONVERSION = YES;
				CLANG_WARN_DEPRECATED_OBJC_IMPLEMENTATIONS = YES;
				CLANG_WARN_DIRECT_OBJC_ISA_USAGE = YES_ERROR;
				CLANG_WARN_DOCUMENTATION_COMMENTS = YES;
				CLANG_WARN_EMPTY_BODY = YES;
				CLANG_WARN_ENUM_CONVERSION = YES;
				CLANG_WARN_INFINITE_RECURSION = YES;
				CLANG_WARN_INT_CONVERSION = YES;
				CLANG_WARN_NON_LITERAL_NULL_CONVERSION = YES;
				CLANG_WARN_OBJC_IMPLICIT_RETAIN_SELF = YES;
				CLANG_WARN_OBJC_LITERAL_CONVERSION = YES;
				CLANG_WARN_OBJC_ROOT_CLASS = YES_ERROR;
				CLANG_WARN_QUOTED_INCLUDE_IN_FRAMEWORK_HEADER = YES;
				CLANG_WARN_RANGE_LOOP_ANALYSIS = YES;
				CLANG_WARN_STRICT_PROTOTYPES = YES;
				CLANG_WARN_SUSPICIOUS_MOVE = YES;
				CLANG_WARN_UNGUARDED_AVAILABILITY = YES_AGGRESSIVE;
				CLANG_WARN_UNREACHABLE_CODE = YES;
				CLANG_WARN__DUPLICATE_METHOD_MATCH = YES;
				COPY_PHASE_STRIP = NO;
				DEBUG_INFORMATION_FORMAT = "dwarf-with-dsym";
				ENABLE_NS_ASSERTIONS = NO;
				ENABLE_STRICT_OBJC_MSGSEND = YES;
				GCC_C_LANGUAGE_STANDARD = gnu11;
				GCC_NO_COMMON_BLOCKS = YES;
				GCC_WARN_64_TO_32_BIT_CONVERSION = YES;
				GCC_WARN_ABOUT_RETURN_TYPE = YES_ERROR;
				GCC_WARN_UNDECLARED_SELECTOR = YES;
				GCC_WARN_UNINITIALIZED_AUTOS = YES_AGGRESSIVE;
				GCC_WARN_UNUSED_FUNCTION = YES;
				GCC_WARN_UNUSED_VARIABLE = YES;
				IPHONEOS_DEPLOYMENT_TARGET = 15.0;
				MTL_ENABLE_DEBUG_INFO = NO;
				MTL_FAST_MATH = YES;
				SDKROOT = iphoneos;
				SWIFT_COMPILATION_MODE = wholemodule;
				SWIFT_OPTIMIZATION_LEVEL = "-O";
				VALIDATE_PRODUCT = YES;
			};
			name = Release;
		};
		73CE5833276F2D840080C762 /* Debug */ = {
			isa = XCBuildConfiguration;
			baseConfigurationReference = FF6114A7E17ECDBCB63E3497 /* Pods-hashTagTest.debug.xcconfig */;
			buildSettings = {
				ASSETCATALOG_COMPILER_APPICON_NAME = AppIcon;
				ASSETCATALOG_COMPILER_GLOBAL_ACCENT_COLOR_NAME = AccentColor;
				CODE_SIGN_STYLE = Automatic;
				CURRENT_PROJECT_VERSION = 1;
				DEVELOPMENT_TEAM = VNAV5S2KU6;
				GENERATE_INFOPLIST_FILE = YES;
				INFOPLIST_FILE = hashTagTest/Info.plist;
				INFOPLIST_KEY_UIApplicationSupportsIndirectInputEvents = YES;
				INFOPLIST_KEY_UILaunchStoryboardName = LaunchScreen;
				INFOPLIST_KEY_UIMainStoryboardFile = Main;
				INFOPLIST_KEY_UISupportedInterfaceOrientations_iPad = "UIInterfaceOrientationPortrait UIInterfaceOrientationPortraitUpsideDown UIInterfaceOrientationLandscapeLeft UIInterfaceOrientationLandscapeRight";
				INFOPLIST_KEY_UISupportedInterfaceOrientations_iPhone = "UIInterfaceOrientationPortrait UIInterfaceOrientationLandscapeLeft UIInterfaceOrientationLandscapeRight";
				LD_RUNPATH_SEARCH_PATHS = (
					"$(inherited)",
					"@executable_path/Frameworks",
				);
				MARKETING_VERSION = 1.0;
				PRODUCT_BUNDLE_IDENTIFIER = kazuyasasakura.hashTagTest;
				PRODUCT_NAME = "$(TARGET_NAME)";
				SWIFT_EMIT_LOC_STRINGS = YES;
				SWIFT_VERSION = 5.0;
				TARGETED_DEVICE_FAMILY = "1,2";
			};
			name = Debug;
		};
		73CE5834276F2D840080C762 /* Release */ = {
			isa = XCBuildConfiguration;
			baseConfigurationReference = 38FFC85D4F709F1AB38D8BC0 /* Pods-hashTagTest.release.xcconfig */;
			buildSettings = {
				ASSETCATALOG_COMPILER_APPICON_NAME = AppIcon;
				ASSETCATALOG_COMPILER_GLOBAL_ACCENT_COLOR_NAME = AccentColor;
				CODE_SIGN_STYLE = Automatic;
				CURRENT_PROJECT_VERSION = 1;
				DEVELOPMENT_TEAM = VNAV5S2KU6;
				GENERATE_INFOPLIST_FILE = YES;
				INFOPLIST_FILE = hashTagTest/Info.plist;
				INFOPLIST_KEY_UIApplicationSupportsIndirectInputEvents = YES;
				INFOPLIST_KEY_UILaunchStoryboardName = LaunchScreen;
				INFOPLIST_KEY_UIMainStoryboardFile = Main;
				INFOPLIST_KEY_UISupportedInterfaceOrientations_iPad = "UIInterfaceOrientationPortrait UIInterfaceOrientationPortraitUpsideDown UIInterfaceOrientationLandscapeLeft UIInterfaceOrientationLandscapeRight";
				INFOPLIST_KEY_UISupportedInterfaceOrientations_iPhone = "UIInterfaceOrientationPortrait UIInterfaceOrientationLandscapeLeft UIInterfaceOrientationLandscapeRight";
				LD_RUNPATH_SEARCH_PATHS = (
					"$(inherited)",
					"@executable_path/Frameworks",
				);
				MARKETING_VERSION = 1.0;
				PRODUCT_BUNDLE_IDENTIFIER = kazuyasasakura.hashTagTest;
				PRODUCT_NAME = "$(TARGET_NAME)";
				SWIFT_EMIT_LOC_STRINGS = YES;
				SWIFT_VERSION = 5.0;
				TARGETED_DEVICE_FAMILY = "1,2";
			};
			name = Release;
		};
		73CE5836276F2D840080C762 /* Debug */ = {
			isa = XCBuildConfiguration;
			baseConfigurationReference = 5F6BD58D1354F9E5F6829ABD /* Pods-hashTagTestTests.debug.xcconfig */;
			buildSettings = {
				ALWAYS_EMBED_SWIFT_STANDARD_LIBRARIES = YES;
				BUNDLE_LOADER = "$(TEST_HOST)";
				CODE_SIGN_STYLE = Automatic;
				CURRENT_PROJECT_VERSION = 1;
				DEVELOPMENT_TEAM = VNAV5S2KU6;
				GENERATE_INFOPLIST_FILE = YES;
				IPHONEOS_DEPLOYMENT_TARGET = 15.0;
				LD_RUNPATH_SEARCH_PATHS = (
					"$(inherited)",
					"@executable_path/Frameworks",
					"@loader_path/Frameworks",
				);
				MARKETING_VERSION = 1.0;
				PRODUCT_BUNDLE_IDENTIFIER = kazuyasasakura.hashTagTestTests;
				PRODUCT_NAME = "$(TARGET_NAME)";
				SWIFT_EMIT_LOC_STRINGS = NO;
				SWIFT_VERSION = 5.0;
				TARGETED_DEVICE_FAMILY = "1,2";
				TEST_HOST = "$(BUILT_PRODUCTS_DIR)/hashTagTest.app/hashTagTest";
			};
			name = Debug;
		};
		73CE5837276F2D840080C762 /* Release */ = {
			isa = XCBuildConfiguration;
			baseConfigurationReference = 579FA4C26E3F15EF29AB7FF1 /* Pods-hashTagTestTests.release.xcconfig */;
			buildSettings = {
				ALWAYS_EMBED_SWIFT_STANDARD_LIBRARIES = YES;
				BUNDLE_LOADER = "$(TEST_HOST)";
				CODE_SIGN_STYLE = Automatic;
				CURRENT_PROJECT_VERSION = 1;
				DEVELOPMENT_TEAM = VNAV5S2KU6;
				GENERATE_INFOPLIST_FILE = YES;
				IPHONEOS_DEPLOYMENT_TARGET = 15.0;
				LD_RUNPATH_SEARCH_PATHS = (
					"$(inherited)",
					"@executable_path/Frameworks",
					"@loader_path/Frameworks",
				);
				MARKETING_VERSION = 1.0;
				PRODUCT_BUNDLE_IDENTIFIER = kazuyasasakura.hashTagTestTests;
				PRODUCT_NAME = "$(TARGET_NAME)";
				SWIFT_EMIT_LOC_STRINGS = NO;
				SWIFT_VERSION = 5.0;
				TARGETED_DEVICE_FAMILY = "1,2";
				TEST_HOST = "$(BUILT_PRODUCTS_DIR)/hashTagTest.app/hashTagTest";
			};
			name = Release;
		};
		73CE5839276F2D840080C762 /* Debug */ = {
			isa = XCBuildConfiguration;
			baseConfigurationReference = 1C1B104BF7D4AB095C02A00C /* Pods-hashTagTest-hashTagTestUITests.debug.xcconfig */;
			buildSettings = {
				ALWAYS_EMBED_SWIFT_STANDARD_LIBRARIES = YES;
				CODE_SIGN_STYLE = Automatic;
				CURRENT_PROJECT_VERSION = 1;
				DEVELOPMENT_TEAM = VNAV5S2KU6;
				GENERATE_INFOPLIST_FILE = YES;
				LD_RUNPATH_SEARCH_PATHS = (
					"$(inherited)",
					"@executable_path/Frameworks",
					"@loader_path/Frameworks",
				);
				MARKETING_VERSION = 1.0;
				PRODUCT_BUNDLE_IDENTIFIER = kazuyasasakura.hashTagTestUITests;
				PRODUCT_NAME = "$(TARGET_NAME)";
				SWIFT_EMIT_LOC_STRINGS = NO;
				SWIFT_VERSION = 5.0;
				TARGETED_DEVICE_FAMILY = "1,2";
				TEST_TARGET_NAME = hashTagTest;
			};
			name = Debug;
		};
		73CE583A276F2D840080C762 /* Release */ = {
			isa = XCBuildConfiguration;
			baseConfigurationReference = 13CB48C54F99370B527EB362 /* Pods-hashTagTest-hashTagTestUITests.release.xcconfig */;
			buildSettings = {
				ALWAYS_EMBED_SWIFT_STANDARD_LIBRARIES = YES;
				CODE_SIGN_STYLE = Automatic;
				CURRENT_PROJECT_VERSION = 1;
				DEVELOPMENT_TEAM = VNAV5S2KU6;
				GENERATE_INFOPLIST_FILE = YES;
				LD_RUNPATH_SEARCH_PATHS = (
					"$(inherited)",
					"@executable_path/Frameworks",
					"@loader_path/Frameworks",
				);
				MARKETING_VERSION = 1.0;
				PRODUCT_BUNDLE_IDENTIFIER = kazuyasasakura.hashTagTestUITests;
				PRODUCT_NAME = "$(TARGET_NAME)";
				SWIFT_EMIT_LOC_STRINGS = NO;
				SWIFT_VERSION = 5.0;
				TARGETED_DEVICE_FAMILY = "1,2";
				TEST_TARGET_NAME = hashTagTest;
			};
			name = Release;
		};
/* End XCBuildConfiguration section */

/* Begin XCConfigurationList section */
		73CE5803276F2D820080C762 /* Build configuration list for PBXProject "hashTagTest" */ = {
			isa = XCConfigurationList;
			buildConfigurations = (
				73CE5830276F2D840080C762 /* Debug */,
				73CE5831276F2D840080C762 /* Release */,
			);
			defaultConfigurationIsVisible = 0;
			defaultConfigurationName = Release;
		};
		73CE5832276F2D840080C762 /* Build configuration list for PBXNativeTarget "hashTagTest" */ = {
			isa = XCConfigurationList;
			buildConfigurations = (
				73CE5833276F2D840080C762 /* Debug */,
				73CE5834276F2D840080C762 /* Release */,
			);
			defaultConfigurationIsVisible = 0;
			defaultConfigurationName = Release;
		};
		73CE5835276F2D840080C762 /* Build configuration list for PBXNativeTarget "hashTagTestTests" */ = {
			isa = XCConfigurationList;
			buildConfigurations = (
				73CE5836276F2D840080C762 /* Debug */,
				73CE5837276F2D840080C762 /* Release */,
			);
			defaultConfigurationIsVisible = 0;
			defaultConfigurationName = Release;
		};
		73CE5838276F2D840080C762 /* Build configuration list for PBXNativeTarget "hashTagTestUITests" */ = {
			isa = XCConfigurationList;
			buildConfigurations = (
				73CE5839276F2D840080C762 /* Debug */,
				73CE583A276F2D840080C762 /* Release */,
			);
			defaultConfigurationIsVisible = 0;
			defaultConfigurationName = Release;
		};
/* End XCConfigurationList section */
	};
	rootObject = 73CE5800276F2D820080C762 /* Project object */;
}
